
Microsoft Visual Studio Solution File, Format Version 12.00
# Visual Studio Version 17
VisualStudioVersion = 17.8.34316.72
MinimumVisualStudioVersion = 10.0.40219.1
Project("{6EC3EE1D-3C4E-46DD-8F32-0CC8E7565705}") = "2015", "2015.fsproj", "{62D5903A-A3BD-4EFE-82A8-CA0B25A649F9}"
EndProject
Global
	GlobalSection(SolutionConfigurationPlatforms) = preSolution
		Debug|Any CPU = Debug|Any CPU
		Release|Any CPU = Release|Any CPU
	EndGlobalSection
	GlobalSection(ProjectConfigurationPlatforms) = postSolution
		{62D5903A-A3BD-4EFE-82A8-CA0B25A649F9}.Debug|Any CPU.ActiveCfg = Debug|Any CPU
		{62D5903A-A3BD-4EFE-82A8-CA0B25A649F9}.Debug|Any CPU.Build.0 = Debug|Any CPU
		{62D5903A-A3BD-4EFE-82A8-CA0B25A649F9}.Release|Any CPU.ActiveCfg = Release|Any CPU
		{62D5903A-A3BD-4EFE-82A8-CA0B25A649F9}.Release|Any CPU.Build.0 = Release|Any CPU
	EndGlobalSection
	GlobalSection(SolutionProperties) = preSolution
		HideSolutionNode = FALSE
	EndGlobalSection
	GlobalSection(ExtensibilityGlobals) = postSolution
		SolutionGuid = {302F5648-F2FD-4CD5-99E2-5C0271C422B1}
	EndGlobalSection
EndGlobal
