
Microsoft Visual Studio Solution File, Format Version 12.00
# Visual Studio Version 16
VisualStudioVersion = 16.0.29519.161
MinimumVisualStudioVersion = 10.0.40219.1
Project("{6EC3EE1D-3C4E-46DD-8F32-0CC8E7565705}") = "2020", "2020\2020.fsproj", "{DC6CA465-BFCD-47C0-9C92-2C7A3C8CAF93}"
EndProject
Global
	GlobalSection(SolutionConfigurationPlatforms) = preSolution
		Debug|Any CPU = Debug|Any CPU
		Release|Any CPU = Release|Any CPU
	EndGlobalSection
	GlobalSection(ProjectConfigurationPlatforms) = postSolution
		{DC6CA465-BFCD-47C0-9C92-2C7A3C8CAF93}.Debug|Any CPU.ActiveCfg = Debug|Any CPU
		{DC6CA465-BFCD-47C0-9C92-2C7A3C8CAF93}.Debug|Any CPU.Build.0 = Debug|Any CPU
		{DC6CA465-BFCD-47C0-9C92-2C7A3C8CAF93}.Release|Any CPU.ActiveCfg = Release|Any CPU
		{DC6CA465-BFCD-47C0-9C92-2C7A3C8CAF93}.Release|Any CPU.Build.0 = Release|Any CPU
	EndGlobalSection
	GlobalSection(SolutionProperties) = preSolution
		HideSolutionNode = FALSE
	EndGlobalSection
	GlobalSection(ExtensibilityGlobals) = postSolution
		SolutionGuid = {114BFFAE-AD9D-47BF-881F-C2A47CA79B63}
	EndGlobalSection
EndGlobal
